{
  "name": "watch-for-element",
  "version": "1.0.0",
  "lockfileVersion": 3,
  "requires": true,
  "packages": {
    "": {
      "name": "watch-for-element",
      "version": "1.0.0",
      "license": "ISC",
      "dependencies": {
        "@tmetcalfe89/signal": "github:tmetcalfe89/signal"
      }
    },
    "node_modules/@tmetcalfe89/keychain": {
      "version": "1.0.0",
      "resolved": "git+ssh://git@github.com/tmetcalfe89/keychain.git#a0579cbfd55413793beee9a2c1743dd242af2c84",
      "license": "MIT"
    },
    "node_modules/@tmetcalfe89/signal": {
      "version": "1.0.0",
      "resolved": "git+ssh://git@github.com/tmetcalfe89/signal.git#0b5b0a643c414af9ca6f8e446d10c94038521f22",
      "license": "ARR",
      "dependencies": {
        "@tmetcalfe89/keychain": "github:tmetcalfe89/keychain"
      }
    }
  }
}
